
Microsoft Visual Studio Solution File, Format Version 12.00
# Visual Studio Version 17
VisualStudioVersion = 17.4.33213.308
MinimumVisualStudioVersion = 10.0.40219.1
Project("{FAE04EC0-301F-11D3-BF4B-00C04F79EFBC}") = "PrimatesWallet", "PrimatesWallet\PrimatesWallet.csproj", "{482C6A44-EF41-4E9B-BDCE-20F6B577A289}"
EndProject
Project("{FAE04EC0-301F-11D3-BF4B-00C04F79EFBC}") = "PrimatesWallet.Core", "Core\PrimatesWallet.Core.csproj", "{A94C9C68-E047-4C73-9030-BA02A2FE5AE0}"
EndProject
Project("{FAE04EC0-301F-11D3-BF4B-00C04F79EFBC}") = "PrimatesWallet.Infrastructure", "PrimatesWallet.Infrastructure\PrimatesWallet.Infrastructure.csproj", "{199EC767-24C5-4410-86BC-57DA4C299083}"
EndProject
Project("{FAE04EC0-301F-11D3-BF4B-00C04F79EFBC}") = "PrimatesWallet.Services", "PrimatesWallet.Services\PrimatesWallet.Services.csproj", "{BD61DFF8-5FB9-4F12-A3C1-BCDFC9E6F817}"
EndProject
Global
	GlobalSection(SolutionConfigurationPlatforms) = preSolution
		Debug|Any CPU = Debug|Any CPU
		Release|Any CPU = Release|Any CPU
	EndGlobalSection
	GlobalSection(ProjectConfigurationPlatforms) = postSolution
		{482C6A44-EF41-4E9B-BDCE-20F6B577A289}.Debug|Any CPU.ActiveCfg = Debug|Any CPU
		{482C6A44-EF41-4E9B-BDCE-20F6B577A289}.Debug|Any CPU.Build.0 = Debug|Any CPU
		{482C6A44-EF41-4E9B-BDCE-20F6B577A289}.Release|Any CPU.ActiveCfg = Release|Any CPU
		{482C6A44-EF41-4E9B-BDCE-20F6B577A289}.Release|Any CPU.Build.0 = Release|Any CPU
		{A94C9C68-E047-4C73-9030-BA02A2FE5AE0}.Debug|Any CPU.ActiveCfg = Debug|Any CPU
		{A94C9C68-E047-4C73-9030-BA02A2FE5AE0}.Debug|Any CPU.Build.0 = Debug|Any CPU
		{A94C9C68-E047-4C73-9030-BA02A2FE5AE0}.Release|Any CPU.ActiveCfg = Release|Any CPU
		{A94C9C68-E047-4C73-9030-BA02A2FE5AE0}.Release|Any CPU.Build.0 = Release|Any CPU
		{199EC767-24C5-4410-86BC-57DA4C299083}.Debug|Any CPU.ActiveCfg = Debug|Any CPU
		{199EC767-24C5-4410-86BC-57DA4C299083}.Debug|Any CPU.Build.0 = Debug|Any CPU
		{199EC767-24C5-4410-86BC-57DA4C299083}.Release|Any CPU.ActiveCfg = Release|Any CPU
		{199EC767-24C5-4410-86BC-57DA4C299083}.Release|Any CPU.Build.0 = Release|Any CPU
		{BD61DFF8-5FB9-4F12-A3C1-BCDFC9E6F817}.Debug|Any CPU.ActiveCfg = Debug|Any CPU
		{BD61DFF8-5FB9-4F12-A3C1-BCDFC9E6F817}.Debug|Any CPU.Build.0 = Debug|Any CPU
		{BD61DFF8-5FB9-4F12-A3C1-BCDFC9E6F817}.Release|Any CPU.ActiveCfg = Release|Any CPU
		{BD61DFF8-5FB9-4F12-A3C1-BCDFC9E6F817}.Release|Any CPU.Build.0 = Release|Any CPU
	EndGlobalSection
	GlobalSection(SolutionProperties) = preSolution
		HideSolutionNode = FALSE
	EndGlobalSection
	GlobalSection(ExtensibilityGlobals) = postSolution
		SolutionGuid = {8DAF9A21-5BF5-4410-AB18-73F7CAC16CB3}
	EndGlobalSection
EndGlobal
